// !$*UTF8*$!
{
	archiveVersion = 1;
	classes = {
	};
	objectVersion = 50;
	objects = {

/* Begin PBXBuildFile section */
		96D7419D2A09C8DF005A0B51 /* AppDelegate.swift in Sources */ = {isa = PBXBuildFile; fileRef = 96D7419C2A09C8DF005A0B51 /* AppDelegate.swift */; };
		96D7419F2A09C8DF005A0B51 /* SceneDelegate.swift in Sources */ = {isa = PBXBuildFile; fileRef = 96D7419E2A09C8DF005A0B51 /* SceneDelegate.swift */; };
		96D741A12A09C8DF005A0B51 /* ViewController.swift in Sources */ = {isa = PBXBuildFile; fileRef = 96D741A02A09C8DF005A0B51 /* ViewController.swift */; };
		96D741A72A09C8DF005A0B51 /* Project_10.xcdatamodeld in Sources */ = {isa = PBXBuildFile; fileRef = 96D741A52A09C8DF005A0B51 /* Project_10.xcdatamodeld */; };
		96D741A92A09C8E3005A0B51 /* Assets.xcassets in Resources */ = {isa = PBXBuildFile; fileRef = 96D741A82A09C8E3005A0B51 /* Assets.xcassets */; };
		96D741B62A09CAAB005A0B51 /* PersonCell.swift in Sources */ = {isa = PBXBuildFile; fileRef = 96D741B52A09CAAB005A0B51 /* PersonCell.swift */; };
		96D741DA2A09E3E4005A0B51 /* View.swift in Sources */ = {isa = PBXBuildFile; fileRef = 96D741D92A09E3E4005A0B51 /* View.swift */; };
		96D742492A0B45D0005A0B51 /* Person.swift in Sources */ = {isa = PBXBuildFile; fileRef = 96D742482A0B45D0005A0B51 /* Person.swift */; };
/* End PBXBuildFile section */

/* Begin PBXFileReference section */
		96D741992A09C8DF005A0B51 /* Project_10.app */ = {isa = PBXFileReference; explicitFileType = wrapper.application; includeInIndex = 0; path = Project_10.app; sourceTree = BUILT_PRODUCTS_DIR; };
		96D7419C2A09C8DF005A0B51 /* AppDelegate.swift */ = {isa = PBXFileReference; lastKnownFileType = sourcecode.swift; path = AppDelegate.swift; sourceTree = "<group>"; };
		96D7419E2A09C8DF005A0B51 /* SceneDelegate.swift */ = {isa = PBXFileReference; lastKnownFileType = sourcecode.swift; path = SceneDelegate.swift; sourceTree = "<group>"; };
		96D741A02A09C8DF005A0B51 /* ViewController.swift */ = {isa = PBXFileReference; lastKnownFileType = sourcecode.swift; path = ViewController.swift; sourceTree = "<group>"; };
		96D741A62A09C8DF005A0B51 /* Project_10.xcdatamodel */ = {isa = PBXFileReference; lastKnownFileType = wrapper.xcdatamodel; path = Project_10.xcdatamodel; sourceTree = "<group>"; };
		96D741A82A09C8E3005A0B51 /* Assets.xcassets */ = {isa = PBXFileReference; lastKnownFileType = folder.assetcatalog; path = Assets.xcassets; sourceTree = "<group>"; };
		96D741AD2A09C8E3005A0B51 /* Info.plist */ = {isa = PBXFileReference; lastKnownFileType = text.plist.xml; path = Info.plist; sourceTree = "<group>"; };
		96D741B52A09CAAB005A0B51 /* PersonCell.swift */ = {isa = PBXFileReference; lastKnownFileType = sourcecode.swift; path = PersonCell.swift; sourceTree = "<group>"; };
		96D741D92A09E3E4005A0B51 /* View.swift */ = {isa = PBXFileReference; lastKnownFileType = sourcecode.swift; path = View.swift; sourceTree = "<group>"; };
		96D742482A0B45D0005A0B51 /* Person.swift */ = {isa = PBXFileReference; lastKnownFileType = sourcecode.swift; path = Person.swift; sourceTree = "<group>"; };
/* End PBXFileReference section */

/* Begin PBXFrameworksBuildPhase section */
		96D741962A09C8DF005A0B51 /* Frameworks */ = {
			isa = PBXFrameworksBuildPhase;
			buildActionMask = 2147483647;
			files = (
			);
			runOnlyForDeploymentPostprocessing = 0;
		};
/* End PBXFrameworksBuildPhase section */

/* Begin PBXGroup section */
		96D741902A09C8DF005A0B51 = {
			isa = PBXGroup;
			children = (
				96D7419B2A09C8DF005A0B51 /* Project_10 */,
				96D7419A2A09C8DF005A0B51 /* Products */,
			);
			sourceTree = "<group>";
		};
		96D7419A2A09C8DF005A0B51 /* Products */ = {
			isa = PBXGroup;
			children = (
				96D741992A09C8DF005A0B51 /* Project_10.app */,
			);
			name = Products;
			sourceTree = "<group>";
		};
		96D7419B2A09C8DF005A0B51 /* Project_10 */ = {
			isa = PBXGroup;
			children = (
				96D7419C2A09C8DF005A0B51 /* AppDelegate.swift */,
				96D7419E2A09C8DF005A0B51 /* SceneDelegate.swift */,
				96D741A02A09C8DF005A0B51 /* ViewController.swift */,
				96D741D92A09E3E4005A0B51 /* View.swift */,
				96D742482A0B45D0005A0B51 /* Person.swift */,
				96D741B52A09CAAB005A0B51 /* PersonCell.swift */,
				96D741A82A09C8E3005A0B51 /* Assets.xcassets */,
				96D741AD2A09C8E3005A0B51 /* Info.plist */,
				96D741A52A09C8DF005A0B51 /* Project_10.xcdatamodeld */,
			);
			path = Project_10;
			sourceTree = "<group>";
		};
/* End PBXGroup section */

/* Begin PBXNativeTarget section */
		96D741982A09C8DF005A0B51 /* Project_10 */ = {
			isa = PBXNativeTarget;
			buildConfigurationList = 96D741B02A09C8E3005A0B51 /* Build configuration list for PBXNativeTarget "Project_10" */;
			buildPhases = (
				96D741952A09C8DF005A0B51 /* Sources */,
				96D741962A09C8DF005A0B51 /* Frameworks */,
				96D741972A09C8DF005A0B51 /* Resources */,
			);
			buildRules = (
			);
			dependencies = (
			);
			name = Project_10;
			productName = Project_10;
			productReference = 96D741992A09C8DF005A0B51 /* Project_10.app */;
			productType = "com.apple.product-type.application";
		};
/* End PBXNativeTarget section */

/* Begin PBXProject section */
		96D741912A09C8DF005A0B51 /* Project object */ = {
			isa = PBXProject;
			attributes = {
				LastSwiftUpdateCheck = 1220;
				LastUpgradeCheck = 1220;
				TargetAttributes = {
					96D741982A09C8DF005A0B51 = {
						CreatedOnToolsVersion = 12.2;
					};
				};
			};
			buildConfigurationList = 96D741942A09C8DF005A0B51 /* Build configuration list for PBXProject "Project_10" */;
			compatibilityVersion = "Xcode 9.3";
			developmentRegion = en;
			hasScannedForEncodings = 0;
			knownRegions = (
				en,
				Base,
			);
			mainGroup = 96D741902A09C8DF005A0B51;
			productRefGroup = 96D7419A2A09C8DF005A0B51 /* Products */;
			projectDirPath = "";
			projectRoot = "";
			targets = (
				96D741982A09C8DF005A0B51 /* Project_10 */,
			);
		};
/* End PBXProject section */

/* Begin PBXResourcesBuildPhase section */
		96D741972A09C8DF005A0B51 /* Resources */ = {
			isa = PBXResourcesBuildPhase;
			buildActionMask = 2147483647;
			files = (
				96D741A92A09C8E3005A0B51 /* Assets.xcassets in Resources */,
			);
			runOnlyForDeploymentPostprocessing = 0;
		};
/* End PBXResourcesBuildPhase section */

/* Begin PBXSourcesBuildPhase section */
		96D741952A09C8DF005A0B51 /* Sources */ = {
			isa = PBXSourcesBuildPhase;
			buildActionMask = 2147483647;
			files = (
				96D741A12A09C8DF005A0B51 /* ViewController.swift in Sources */,
				96D741B62A09CAAB005A0B51 /* PersonCell.swift in Sources */,
				96D741DA2A09E3E4005A0B51 /* View.swift in Sources */,
				96D7419D2A09C8DF005A0B51 /* AppDelegate.swift in Sources */,
				96D742492A0B45D0005A0B51 /* Person.swift in Sources */,
				96D741A72A09C8DF005A0B51 /* Project_10.xcdatamodeld in Sources */,
				96D7419F2A09C8DF005A0B51 /* SceneDelegate.swift in Sources */,
			);
			runOnlyForDeploymentPostprocessing = 0;
		};
/* End PBXSourcesBuildPhase section */

/* Begin XCBuildConfiguration section */
		96D741AE2A09C8E3005A0B51 /* Debug */ = {
			isa = XCBuildConfiguration;
			buildSettings = {
				ALWAYS_SEARCH_USER_PATHS = NO;
				CLANG_ANALYZER_NONNULL = YES;
				CLANG_ANALYZER_NUMBER_OBJECT_CONVERSION = YES_AGGRESSIVE;
				CLANG_CXX_LANGUAGE_STANDARD = "gnu++14";
				CLANG_CXX_LIBRARY = "libc++";
				CLANG_ENABLE_MODULES = YES;
				CLANG_ENABLE_OBJC_ARC = YES;
				CLANG_ENABLE_OBJC_WEAK = YES;
				CLANG_WARN_BLOCK_CAPTURE_AUTORELEASING = YES;
				CLANG_WARN_BOOL_CONVERSION = YES;
				CLANG_WARN_COMMA = YES;
				CLANG_WARN_CONSTANT_CONVERSION = YES;
				CLANG_WARN_DEPRECATED_OBJC_IMPLEMENTATIONS = YES;
				CLANG_WARN_DIRECT_OBJC_ISA_USAGE = YES_ERROR;
				CLANG_WARN_DOCUMENTATION_COMMENTS = YES;
				CLANG_WARN_EMPTY_BODY = YES;
				CLANG_WARN_ENUM_CONVERSION = YES;
				CLANG_WARN_INFINITE_RECURSION = YES;
				CLANG_WARN_INT_CONVERSION = YES;
				CLANG_WARN_NON_LITERAL_NULL_CONVERSION = YES;
				CLANG_WARN_OBJC_IMPLICIT_RETAIN_SELF = YES;
				CLANG_WARN_OBJC_LITERAL_CONVERSION = YES;
				CLANG_WARN_OBJC_ROOT_CLASS = YES_ERROR;
				CLANG_WARN_QUOTED_INCLUDE_IN_FRAMEWORK_HEADER = YES;
				CLANG_WARN_RANGE_LOOP_ANALYSIS = YES;
				CLANG_WARN_STRICT_PROTOTYPES = YES;
				CLANG_WARN_SUSPICIOUS_MOVE = YES;
				CLANG_WARN_UNGUARDED_AVAILABILITY = YES_AGGRESSIVE;
				CLANG_WARN_UNREACHABLE_CODE = YES;
				CLANG_WARN__DUPLICATE_METHOD_MATCH = YES;
				COPY_PHASE_STRIP = NO;
				DEBUG_INFORMATION_FORMAT = dwarf;
				ENABLE_STRICT_OBJC_MSGSEND = YES;
				ENABLE_TESTABILITY = YES;
				GCC_C_LANGUAGE_STANDARD = gnu11;
				GCC_DYNAMIC_NO_PIC = NO;
				GCC_NO_COMMON_BLOCKS = YES;
				GCC_OPTIMIZATION_LEVEL = 0;
				GCC_PREPROCESSOR_DEFINITIONS = (
					"DEBUG=1",
					"$(inherited)",
				);
				GCC_WARN_64_TO_32_BIT_CONVERSION = YES;
				GCC_WARN_ABOUT_RETURN_TYPE = YES_ERROR;
				GCC_WARN_UNDECLARED_SELECTOR = YES;
				GCC_WARN_UNINITIALIZED_AUTOS = YES_AGGRESSIVE;
				GCC_WARN_UNUSED_FUNCTION = YES;
				GCC_WARN_UNUSED_VARIABLE = YES;
				IPHONEOS_DEPLOYMENT_TARGET = 14.2;
				MTL_ENABLE_DEBUG_INFO = INCLUDE_SOURCE;
				MTL_FAST_MATH = YES;
				ONLY_ACTIVE_ARCH = YES;
				SDKROOT = iphoneos;
				SWIFT_ACTIVE_COMPILATION_CONDITIONS = DEBUG;
				SWIFT_OPTIMIZATION_LEVEL = "-Onone";
			};
			name = Debug;
		};
		96D741AF2A09C8E3005A0B51 /* Release */ = {
			isa = XCBuildConfiguration;
			buildSettings = {
				ALWAYS_SEARCH_USER_PATHS = NO;
				CLANG_ANALYZER_NONNULL = YES;
				CLANG_ANALYZER_NUMBER_OBJECT_CONVERSION = YES_AGGRESSIVE;
				CLANG_CXX_LANGUAGE_STANDARD = "gnu++14";
				CLANG_CXX_LIBRARY = "libc++";
				CLANG_ENABLE_MODULES = YES;
				CLANG_ENABLE_OBJC_ARC = YES;
				CLANG_ENABLE_OBJC_WEAK = YES;
				CLANG_WARN_BLOCK_CAPTURE_AUTORELEASING = YES;
				CLANG_WARN_BOOL_CONVERSION = YES;
				CLANG_WARN_COMMA = YES;
				CLANG_WARN_CONSTANT_CONVERSION = YES;
				CLANG_WARN_DEPRECATED_OBJC_IMPLEMENTATIONS = YES;
				CLANG_WARN_DIRECT_OBJC_ISA_USAGE = YES_ERROR;
				CLANG_WARN_DOCUMENTATION_COMMENTS = YES;
				CLANG_WARN_EMPTY_BODY = YES;
				CLANG_WARN_ENUM_CONVERSION = YES;
				CLANG_WARN_INFINITE_RECURSION = YES;
				CLANG_WARN_INT_CONVERSION = YES;
				CLANG_WARN_NON_LITERAL_NULL_CONVERSION = YES;
				CLANG_WARN_OBJC_IMPLICIT_RETAIN_SELF = YES;
				CLANG_WARN_OBJC_LITERAL_CONVERSION = YES;
				CLANG_WARN_OBJC_ROOT_CLASS = YES_ERROR;
				CLANG_WARN_QUOTED_INCLUDE_IN_FRAMEWORK_HEADER = YES;
				CLANG_WARN_RANGE_LOOP_ANALYSIS = YES;
				CLANG_WARN_STRICT_PROTOTYPES = YES;
				CLANG_WARN_SUSPICIOUS_MOVE = YES;
				CLANG_WARN_UNGUARDED_AVAILABILITY = YES_AGGRESSIVE;
				CLANG_WARN_UNREACHABLE_CODE = YES;
				CLANG_WARN__DUPLICATE_METHOD_MATCH = YES;
				COPY_PHASE_STRIP = NO;
				DEBUG_INFORMATION_FORMAT = "dwarf-with-dsym";
				ENABLE_NS_ASSERTIONS = NO;
				ENABLE_STRICT_OBJC_MSGSEND = YES;
				GCC_C_LANGUAGE_STANDARD = gnu11;
				GCC_NO_COMMON_BLOCKS = YES;
				GCC_WARN_64_TO_32_BIT_CONVERSION = YES;
				GCC_WARN_ABOUT_RETURN_TYPE = YES_ERROR;
				GCC_WARN_UNDECLARED_SELECTOR = YES;
				GCC_WARN_UNINITIALIZED_AUTOS = YES_AGGRESSIVE;
				GCC_WARN_UNUSED_FUNCTION = YES;
				GCC_WARN_UNUSED_VARIABLE = YES;
				IPHONEOS_DEPLOYMENT_TARGET = 14.2;
				MTL_ENABLE_DEBUG_INFO = NO;
				MTL_FAST_MATH = YES;
				SDKROOT = iphoneos;
				SWIFT_COMPILATION_MODE = wholemodule;
				SWIFT_OPTIMIZATION_LEVEL = "-O";
				VALIDATE_PRODUCT = YES;
			};
			name = Release;
		};
		96D741B12A09C8E3005A0B51 /* Debug */ = {
			isa = XCBuildConfiguration;
			buildSettings = {
				ASSETCATALOG_COMPILER_APPICON_NAME = AppIcon;
				ASSETCATALOG_COMPILER_GLOBAL_ACCENT_COLOR_NAME = AccentColor;
				CODE_SIGN_STYLE = Automatic;
				DEVELOPMENT_TEAM = 3UTFZ79XF9;
				INFOPLIST_FILE = Project_10/Info.plist;
				LD_RUNPATH_SEARCH_PATHS = (
					"$(inherited)",
					"@executable_path/Frameworks",
				);
				PRODUCT_BUNDLE_IDENTIFIER = "eder.Project-10";
				PRODUCT_NAME = "$(TARGET_NAME)";
				SWIFT_VERSION = 5.0;
				TARGETED_DEVICE_FAMILY = "1,2";
			};
			name = Debug;
		};
		96D741B22A09C8E3005A0B51 /* Release */ = {
			isa = XCBuildConfiguration;
			buildSettings = {
				ASSETCATALOG_COMPILER_APPICON_NAME = AppIcon;
				ASSETCATALOG_COMPILER_GLOBAL_ACCENT_COLOR_NAME = AccentColor;
				CODE_SIGN_STYLE = Automatic;
				DEVELOPMENT_TEAM = 3UTFZ79XF9;
				INFOPLIST_FILE = Project_10/Info.plist;
				LD_RUNPATH_SEARCH_PATHS = (
					"$(inherited)",
					"@executable_path/Frameworks",
				);
				PRODUCT_BUNDLE_IDENTIFIER = "eder.Project-10";
				PRODUCT_NAME = "$(TARGET_NAME)";
				SWIFT_VERSION = 5.0;
				TARGETED_DEVICE_FAMILY = "1,2";
			};
			name = Release;
		};
/* End XCBuildConfiguration section */

/* Begin XCConfigurationList section */
		96D741942A09C8DF005A0B51 /* Build configuration list for PBXProject "Project_10" */ = {
			isa = XCConfigurationList;
			buildConfigurations = (
				96D741AE2A09C8E3005A0B51 /* Debug */,
				96D741AF2A09C8E3005A0B51 /* Release */,
			);
			defaultConfigurationIsVisible = 0;
			defaultConfigurationName = Release;
		};
		96D741B02A09C8E3005A0B51 /* Build configuration list for PBXNativeTarget "Project_10" */ = {
			isa = XCConfigurationList;
			buildConfigurations = (
				96D741B12A09C8E3005A0B51 /* Debug */,
				96D741B22A09C8E3005A0B51 /* Release */,
			);
			defaultConfigurationIsVisible = 0;
			defaultConfigurationName = Release;
		};
/* End XCConfigurationList section */

/* Begin XCVersionGroup section */
		96D741A52A09C8DF005A0B51 /* Project_10.xcdatamodeld */ = {
			isa = XCVersionGroup;
			children = (
				96D741A62A09C8DF005A0B51 /* Project_10.xcdatamodel */,
			);
			currentVersion = 96D741A62A09C8DF005A0B51 /* Project_10.xcdatamodel */;
			path = Project_10.xcdatamodeld;
			sourceTree = "<group>";
			versionGroupType = wrapper.xcdatamodel;
		};
/* End XCVersionGroup section */
	};
	rootObject = 96D741912A09C8DF005A0B51 /* Project object */;
}
